// !$*UTF8*$!
{
	archiveVersion = 1;
	classes = {
	};
	objectVersion = 55;
	objects = {

/* Begin PBXBuildFile section */
		06B785CB29F99E7B00EFA46F /* SportBetsApp.swift in Sources */ = {isa = PBXBuildFile; fileRef = 06B785CA29F99E7B00EFA46F /* SportBetsApp.swift */; };
		06B785CD29F99E7B00EFA46F /* ContentView.swift in Sources */ = {isa = PBXBuildFile; fileRef = 06B785CC29F99E7B00EFA46F /* ContentView.swift */; };
		06B785CF29F99E8C00EFA46F /* Assets.xcassets in Resources */ = {isa = PBXBuildFile; fileRef = 06B785CE29F99E8C00EFA46F /* Assets.xcassets */; };
		06B785D229F99E8C00EFA46F /* Preview Assets.xcassets in Resources */ = {isa = PBXBuildFile; fileRef = 06B785D129F99E8C00EFA46F /* Preview Assets.xcassets */; };
		06B785DC29F99E8D00EFA46F /* SportBetsTests.swift in Sources */ = {isa = PBXBuildFile; fileRef = 06B785DB29F99E8D00EFA46F /* SportBetsTests.swift */; };
		06B785E629F99E8D00EFA46F /* SportBetsUITests.swift in Sources */ = {isa = PBXBuildFile; fileRef = 06B785E529F99E8D00EFA46F /* SportBetsUITests.swift */; };
		06B785E829F99E8D00EFA46F /* SportBetsUITestsLaunchTests.swift in Sources */ = {isa = PBXBuildFile; fileRef = 06B785E729F99E8D00EFA46F /* SportBetsUITestsLaunchTests.swift */; };
		06B785F829F9A99300EFA46F /* InplayDataModel.swift in Sources */ = {isa = PBXBuildFile; fileRef = 06B785F729F9A99300EFA46F /* InplayDataModel.swift */; };
		06B785FA29F9B96D00EFA46F /* InplayView.swift in Sources */ = {isa = PBXBuildFile; fileRef = 06B785F929F9B96D00EFA46F /* InplayView.swift */; };
		06B785FC29F9B99B00EFA46F /* InplayViewModel.swift in Sources */ = {isa = PBXBuildFile; fileRef = 06B785FB29F9B99B00EFA46F /* InplayViewModel.swift */; };
/* End PBXBuildFile section */

/* Begin PBXContainerItemProxy section */
		06B785D829F99E8D00EFA46F /* PBXContainerItemProxy */ = {
			isa = PBXContainerItemProxy;
			containerPortal = 06B785BF29F99E7B00EFA46F /* Project object */;
			proxyType = 1;
			remoteGlobalIDString = 06B785C629F99E7B00EFA46F;
			remoteInfo = SportBets;
		};
		06B785E229F99E8D00EFA46F /* PBXContainerItemProxy */ = {
			isa = PBXContainerItemProxy;
			containerPortal = 06B785BF29F99E7B00EFA46F /* Project object */;
			proxyType = 1;
			remoteGlobalIDString = 06B785C629F99E7B00EFA46F;
			remoteInfo = SportBets;
		};
/* End PBXContainerItemProxy section */

/* Begin PBXFileReference section */
		06B785C729F99E7B00EFA46F /* SportBets.app */ = {isa = PBXFileReference; explicitFileType = wrapper.application; includeInIndex = 0; path = SportBets.app; sourceTree = BUILT_PRODUCTS_DIR; };
		06B785CA29F99E7B00EFA46F /* SportBetsApp.swift */ = {isa = PBXFileReference; lastKnownFileType = sourcecode.swift; path = SportBetsApp.swift; sourceTree = "<group>"; };
		06B785CC29F99E7B00EFA46F /* ContentView.swift */ = {isa = PBXFileReference; lastKnownFileType = sourcecode.swift; path = ContentView.swift; sourceTree = "<group>"; };
		06B785CE29F99E8C00EFA46F /* Assets.xcassets */ = {isa = PBXFileReference; lastKnownFileType = folder.assetcatalog; path = Assets.xcassets; sourceTree = "<group>"; };
		06B785D129F99E8C00EFA46F /* Preview Assets.xcassets */ = {isa = PBXFileReference; lastKnownFileType = folder.assetcatalog; path = "Preview Assets.xcassets"; sourceTree = "<group>"; };
		06B785D729F99E8D00EFA46F /* SportBetsTests.xctest */ = {isa = PBXFileReference; explicitFileType = wrapper.cfbundle; includeInIndex = 0; path = SportBetsTests.xctest; sourceTree = BUILT_PRODUCTS_DIR; };
		06B785DB29F99E8D00EFA46F /* SportBetsTests.swift */ = {isa = PBXFileReference; lastKnownFileType = sourcecode.swift; path = SportBetsTests.swift; sourceTree = "<group>"; };
		06B785E129F99E8D00EFA46F /* SportBetsUITests.xctest */ = {isa = PBXFileReference; explicitFileType = wrapper.cfbundle; includeInIndex = 0; path = SportBetsUITests.xctest; sourceTree = BUILT_PRODUCTS_DIR; };
		06B785E529F99E8D00EFA46F /* SportBetsUITests.swift */ = {isa = PBXFileReference; lastKnownFileType = sourcecode.swift; path = SportBetsUITests.swift; sourceTree = "<group>"; };
		06B785E729F99E8D00EFA46F /* SportBetsUITestsLaunchTests.swift */ = {isa = PBXFileReference; lastKnownFileType = sourcecode.swift; path = SportBetsUITestsLaunchTests.swift; sourceTree = "<group>"; };
		06B785F729F9A99300EFA46F /* InplayDataModel.swift */ = {isa = PBXFileReference; lastKnownFileType = sourcecode.swift; path = InplayDataModel.swift; sourceTree = "<group>"; };
		06B785F929F9B96D00EFA46F /* InplayView.swift */ = {isa = PBXFileReference; lastKnownFileType = sourcecode.swift; path = InplayView.swift; sourceTree = "<group>"; };
		06B785FB29F9B99B00EFA46F /* InplayViewModel.swift */ = {isa = PBXFileReference; lastKnownFileType = sourcecode.swift; path = InplayViewModel.swift; sourceTree = "<group>"; };
/* End PBXFileReference section */

/* Begin PBXFrameworksBuildPhase section */
		06B785C429F99E7B00EFA46F /* Frameworks */ = {
			isa = PBXFrameworksBuildPhase;
			buildActionMask = 2147483647;
			files = (
			);
			runOnlyForDeploymentPostprocessing = 0;
		};
		06B785D429F99E8D00EFA46F /* Frameworks */ = {
			isa = PBXFrameworksBuildPhase;
			buildActionMask = 2147483647;
			files = (
			);
			runOnlyForDeploymentPostprocessing = 0;
		};
		06B785DE29F99E8D00EFA46F /* Frameworks */ = {
			isa = PBXFrameworksBuildPhase;
			buildActionMask = 2147483647;
			files = (
			);
			runOnlyForDeploymentPostprocessing = 0;
		};
/* End PBXFrameworksBuildPhase section */

/* Begin PBXGroup section */
		06B785BE29F99E7B00EFA46F = {
			isa = PBXGroup;
			children = (
				06B785C929F99E7B00EFA46F /* SportBets */,
				06B785DA29F99E8D00EFA46F /* SportBetsTests */,
				06B785E429F99E8D00EFA46F /* SportBetsUITests */,
				06B785C829F99E7B00EFA46F /* Products */,
			);
			sourceTree = "<group>";
		};
		06B785C829F99E7B00EFA46F /* Products */ = {
			isa = PBXGroup;
			children = (
				06B785C729F99E7B00EFA46F /* SportBets.app */,
				06B785D729F99E8D00EFA46F /* SportBetsTests.xctest */,
				06B785E129F99E8D00EFA46F /* SportBetsUITests.xctest */,
			);
			name = Products;
			sourceTree = "<group>";
		};
		06B785C929F99E7B00EFA46F /* SportBets */ = {
			isa = PBXGroup;
			children = (
				06B785CA29F99E7B00EFA46F /* SportBetsApp.swift */,
				06B785CE29F99E8C00EFA46F /* Assets.xcassets */,
				06B785F429F9A7CD00EFA46F /* Model */,
				06B785F529F9A93300EFA46F /* Views */,
				06B785F629F9A94000EFA46F /* ViewModels */,
				06B785D029F99E8C00EFA46F /* Preview Content */,
			);
			path = SportBets;
			sourceTree = "<group>";
		};
		06B785D029F99E8C00EFA46F /* Preview Content */ = {
			isa = PBXGroup;
			children = (
				06B785D129F99E8C00EFA46F /* Preview Assets.xcassets */,
			);
			path = "Preview Content";
			sourceTree = "<group>";
		};
		06B785DA29F99E8D00EFA46F /* SportBetsTests */ = {
			isa = PBXGroup;
			children = (
				06B785DB29F99E8D00EFA46F /* SportBetsTests.swift */,
			);
			path = SportBetsTests;
			sourceTree = "<group>";
		};
		06B785E429F99E8D00EFA46F /* SportBetsUITests */ = {
			isa = PBXGroup;
			children = (
				06B785E529F99E8D00EFA46F /* SportBetsUITests.swift */,
				06B785E729F99E8D00EFA46F /* SportBetsUITestsLaunchTests.swift */,
			);
			path = SportBetsUITests;
			sourceTree = "<group>";
		};
		06B785F429F9A7CD00EFA46F /* Model */ = {
			isa = PBXGroup;
			children = (
				06B785F729F9A99300EFA46F /* InplayDataModel.swift */,
			);
			path = Model;
			sourceTree = "<group>";
		};
		06B785F529F9A93300EFA46F /* Views */ = {
			isa = PBXGroup;
			children = (
				06B785CC29F99E7B00EFA46F /* ContentView.swift */,
				06B785F929F9B96D00EFA46F /* InplayView.swift */,
			);
			path = Views;
			sourceTree = "<group>";
		};
		06B785F629F9A94000EFA46F /* ViewModels */ = {
			isa = PBXGroup;
			children = (
				06B785FB29F9B99B00EFA46F /* InplayViewModel.swift */,
			);
			path = ViewModels;
			sourceTree = "<group>";
		};
/* End PBXGroup section */

/* Begin PBXNativeTarget section */
		06B785C629F99E7B00EFA46F /* SportBets */ = {
			isa = PBXNativeTarget;
			buildConfigurationList = 06B785EB29F99E8D00EFA46F /* Build configuration list for PBXNativeTarget "SportBets" */;
			buildPhases = (
				06B785C329F99E7B00EFA46F /* Sources */,
				06B785C429F99E7B00EFA46F /* Frameworks */,
				06B785C529F99E7B00EFA46F /* Resources */,
			);
			buildRules = (
			);
			dependencies = (
			);
			name = SportBets;
			productName = SportBets;
			productReference = 06B785C729F99E7B00EFA46F /* SportBets.app */;
			productType = "com.apple.product-type.application";
		};
		06B785D629F99E8D00EFA46F /* SportBetsTests */ = {
			isa = PBXNativeTarget;
			buildConfigurationList = 06B785EE29F99E8D00EFA46F /* Build configuration list for PBXNativeTarget "SportBetsTests" */;
			buildPhases = (
				06B785D329F99E8D00EFA46F /* Sources */,
				06B785D429F99E8D00EFA46F /* Frameworks */,
				06B785D529F99E8D00EFA46F /* Resources */,
			);
			buildRules = (
			);
			dependencies = (
				06B785D929F99E8D00EFA46F /* PBXTargetDependency */,
			);
			name = SportBetsTests;
			productName = SportBetsTests;
			productReference = 06B785D729F99E8D00EFA46F /* SportBetsTests.xctest */;
			productType = "com.apple.product-type.bundle.unit-test";
		};
		06B785E029F99E8D00EFA46F /* SportBetsUITests */ = {
			isa = PBXNativeTarget;
			buildConfigurationList = 06B785F129F99E8D00EFA46F /* Build configuration list for PBXNativeTarget "SportBetsUITests" */;
			buildPhases = (
				06B785DD29F99E8D00EFA46F /* Sources */,
				06B785DE29F99E8D00EFA46F /* Frameworks */,
				06B785DF29F99E8D00EFA46F /* Resources */,
			);
			buildRules = (
			);
			dependencies = (
				06B785E329F99E8D00EFA46F /* PBXTargetDependency */,
			);
			name = SportBetsUITests;
			productName = SportBetsUITests;
			productReference = 06B785E129F99E8D00EFA46F /* SportBetsUITests.xctest */;
			productType = "com.apple.product-type.bundle.ui-testing";
		};
/* End PBXNativeTarget section */

/* Begin PBXProject section */
		06B785BF29F99E7B00EFA46F /* Project object */ = {
			isa = PBXProject;
			attributes = {
				BuildIndependentTargetsInParallel = 1;
				LastSwiftUpdateCheck = 1320;
				LastUpgradeCheck = 1320;
				TargetAttributes = {
					06B785C629F99E7B00EFA46F = {
						CreatedOnToolsVersion = 13.2.1;
					};
					06B785D629F99E8D00EFA46F = {
						CreatedOnToolsVersion = 13.2.1;
						TestTargetID = 06B785C629F99E7B00EFA46F;
					};
					06B785E029F99E8D00EFA46F = {
						CreatedOnToolsVersion = 13.2.1;
						TestTargetID = 06B785C629F99E7B00EFA46F;
					};
				};
			};
			buildConfigurationList = 06B785C229F99E7B00EFA46F /* Build configuration list for PBXProject "SportBets" */;
			compatibilityVersion = "Xcode 13.0";
			developmentRegion = en;
			hasScannedForEncodings = 0;
			knownRegions = (
				en,
				Base,
			);
			mainGroup = 06B785BE29F99E7B00EFA46F;
			productRefGroup = 06B785C829F99E7B00EFA46F /* Products */;
			projectDirPath = "";
			projectRoot = "";
			targets = (
				06B785C629F99E7B00EFA46F /* SportBets */,
				06B785D629F99E8D00EFA46F /* SportBetsTests */,
				06B785E029F99E8D00EFA46F /* SportBetsUITests */,
			);
		};
/* End PBXProject section */

/* Begin PBXResourcesBuildPhase section */
		06B785C529F99E7B00EFA46F /* Resources */ = {
			isa = PBXResourcesBuildPhase;
			buildActionMask = 2147483647;
			files = (
				06B785D229F99E8C00EFA46F /* Preview Assets.xcassets in Resources */,
				06B785CF29F99E8C00EFA46F /* Assets.xcassets in Resources */,
			);
			runOnlyForDeploymentPostprocessing = 0;
		};
		06B785D529F99E8D00EFA46F /* Resources */ = {
			isa = PBXResourcesBuildPhase;
			buildActionMask = 2147483647;
			files = (
			);
			runOnlyForDeploymentPostprocessing = 0;
		};
		06B785DF29F99E8D00EFA46F /* Resources */ = {
			isa = PBXResourcesBuildPhase;
			buildActionMask = 2147483647;
			files = (
			);
			runOnlyForDeploymentPostprocessing = 0;
		};
/* End PBXResourcesBuildPhase section */

/* Begin PBXSourcesBuildPhase section */
		06B785C329F99E7B00EFA46F /* Sources */ = {
			isa = PBXSourcesBuildPhase;
			buildActionMask = 2147483647;
			files = (
				06B785F829F9A99300EFA46F /* InplayDataModel.swift in Sources */,
				06B785CD29F99E7B00EFA46F /* ContentView.swift in Sources */,
				06B785CB29F99E7B00EFA46F /* SportBetsApp.swift in Sources */,
				06B785FA29F9B96D00EFA46F /* InplayView.swift in Sources */,
				06B785FC29F9B99B00EFA46F /* InplayViewModel.swift in Sources */,
			);
			runOnlyForDeploymentPostprocessing = 0;
		};
		06B785D329F99E8D00EFA46F /* Sources */ = {
			isa = PBXSourcesBuildPhase;
			buildActionMask = 2147483647;
			files = (
				06B785DC29F99E8D00EFA46F /* SportBetsTests.swift in Sources */,
			);
			runOnlyForDeploymentPostprocessing = 0;
		};
		06B785DD29F99E8D00EFA46F /* Sources */ = {
			isa = PBXSourcesBuildPhase;
			buildActionMask = 2147483647;
			files = (
				06B785E629F99E8D00EFA46F /* SportBetsUITests.swift in Sources */,
				06B785E829F99E8D00EFA46F /* SportBetsUITestsLaunchTests.swift in Sources */,
			);
			runOnlyForDeploymentPostprocessing = 0;
		};
/* End PBXSourcesBuildPhase section */

/* Begin PBXTargetDependency section */
		06B785D929F99E8D00EFA46F /* PBXTargetDependency */ = {
			isa = PBXTargetDependency;
			target = 06B785C629F99E7B00EFA46F /* SportBets */;
			targetProxy = 06B785D829F99E8D00EFA46F /* PBXContainerItemProxy */;
		};
		06B785E329F99E8D00EFA46F /* PBXTargetDependency */ = {
			isa = PBXTargetDependency;
			target = 06B785C629F99E7B00EFA46F /* SportBets */;
			targetProxy = 06B785E229F99E8D00EFA46F /* PBXContainerItemProxy */;
		};
/* End PBXTargetDependency section */

/* Begin XCBuildConfiguration section */
		06B785E929F99E8D00EFA46F /* Debug */ = {
			isa = XCBuildConfiguration;
			buildSettings = {
				ALWAYS_SEARCH_USER_PATHS = NO;
				CLANG_ANALYZER_NONNULL = YES;
				CLANG_ANALYZER_NUMBER_OBJECT_CONVERSION = YES_AGGRESSIVE;
				CLANG_CXX_LANGUAGE_STANDARD = "gnu++17";
				CLANG_CXX_LIBRARY = "libc++";
				CLANG_ENABLE_MODULES = YES;
				CLANG_ENABLE_OBJC_ARC = YES;
				CLANG_ENABLE_OBJC_WEAK = YES;
				CLANG_WARN_BLOCK_CAPTURE_AUTORELEASING = YES;
				CLANG_WARN_BOOL_CONVERSION = YES;
				CLANG_WARN_COMMA = YES;
				CLANG_WARN_CONSTANT_CONVERSION = YES;
				CLANG_WARN_DEPRECATED_OBJC_IMPLEMENTATIONS = YES;
				CLANG_WARN_DIRECT_OBJC_ISA_USAGE = YES_ERROR;
				CLANG_WARN_DOCUMENTATION_COMMENTS = YES;
				CLANG_WARN_EMPTY_BODY = YES;
				CLANG_WARN_ENUM_CONVERSION = YES;
				CLANG_WARN_INFINITE_RECURSION = YES;
				CLANG_WARN_INT_CONVERSION = YES;
				CLANG_WARN_NON_LITERAL_NULL_CONVERSION = YES;
				CLANG_WARN_OBJC_IMPLICIT_RETAIN_SELF = YES;
				CLANG_WARN_OBJC_LITERAL_CONVERSION = YES;
				CLANG_WARN_OBJC_ROOT_CLASS = YES_ERROR;
				CLANG_WARN_QUOTED_INCLUDE_IN_FRAMEWORK_HEADER = YES;
				CLANG_WARN_RANGE_LOOP_ANALYSIS = YES;
				CLANG_WARN_STRICT_PROTOTYPES = YES;
				CLANG_WARN_SUSPICIOUS_MOVE = YES;
				CLANG_WARN_UNGUARDED_AVAILABILITY = YES_AGGRESSIVE;
				CLANG_WARN_UNREACHABLE_CODE = YES;
				CLANG_WARN__DUPLICATE_METHOD_MATCH = YES;
				COPY_PHASE_STRIP = NO;
				DEBUG_INFORMATION_FORMAT = dwarf;
				ENABLE_STRICT_OBJC_MSGSEND = YES;
				ENABLE_TESTABILITY = YES;
				GCC_C_LANGUAGE_STANDARD = gnu11;
				GCC_DYNAMIC_NO_PIC = NO;
				GCC_NO_COMMON_BLOCKS = YES;
				GCC_OPTIMIZATION_LEVEL = 0;
				GCC_PREPROCESSOR_DEFINITIONS = (
					"DEBUG=1",
					"$(inherited)",
				);
				GCC_WARN_64_TO_32_BIT_CONVERSION = YES;
				GCC_WARN_ABOUT_RETURN_TYPE = YES_ERROR;
				GCC_WARN_UNDECLARED_SELECTOR = YES;
				GCC_WARN_UNINITIALIZED_AUTOS = YES_AGGRESSIVE;
				GCC_WARN_UNUSED_FUNCTION = YES;
				GCC_WARN_UNUSED_VARIABLE = YES;
				IPHONEOS_DEPLOYMENT_TARGET = 15.2;
				MTL_ENABLE_DEBUG_INFO = INCLUDE_SOURCE;
				MTL_FAST_MATH = YES;
				ONLY_ACTIVE_ARCH = YES;
				SDKROOT = iphoneos;
				SWIFT_ACTIVE_COMPILATION_CONDITIONS = DEBUG;
				SWIFT_OPTIMIZATION_LEVEL = "-Onone";
			};
			name = Debug;
		};
		06B785EA29F99E8D00EFA46F /* Release */ = {
			isa = XCBuildConfiguration;
			buildSettings = {
				ALWAYS_SEARCH_USER_PATHS = NO;
				CLANG_ANALYZER_NONNULL = YES;
				CLANG_ANALYZER_NUMBER_OBJECT_CONVERSION = YES_AGGRESSIVE;
				CLANG_CXX_LANGUAGE_STANDARD = "gnu++17";
				CLANG_CXX_LIBRARY = "libc++";
				CLANG_ENABLE_MODULES = YES;
				CLANG_ENABLE_OBJC_ARC = YES;
				CLANG_ENABLE_OBJC_WEAK = YES;
				CLANG_WARN_BLOCK_CAPTURE_AUTORELEASING = YES;
				CLANG_WARN_BOOL_CONVERSION = YES;
				CLANG_WARN_COMMA = YES;
				CLANG_WARN_CONSTANT_CONVERSION = YES;
				CLANG_WARN_DEPRECATED_OBJC_IMPLEMENTATIONS = YES;
				CLANG_WARN_DIRECT_OBJC_ISA_USAGE = YES_ERROR;
				CLANG_WARN_DOCUMENTATION_COMMENTS = YES;
				CLANG_WARN_EMPTY_BODY = YES;
				CLANG_WARN_ENUM_CONVERSION = YES;
				CLANG_WARN_INFINITE_RECURSION = YES;
				CLANG_WARN_INT_CONVERSION = YES;
				CLANG_WARN_NON_LITERAL_NULL_CONVERSION = YES;
				CLANG_WARN_OBJC_IMPLICIT_RETAIN_SELF = YES;
				CLANG_WARN_OBJC_LITERAL_CONVERSION = YES;
				CLANG_WARN_OBJC_ROOT_CLASS = YES_ERROR;
				CLANG_WARN_QUOTED_INCLUDE_IN_FRAMEWORK_HEADER = YES;
				CLANG_WARN_RANGE_LOOP_ANALYSIS = YES;
				CLANG_WARN_STRICT_PROTOTYPES = YES;
				CLANG_WARN_SUSPICIOUS_MOVE = YES;
				CLANG_WARN_UNGUARDED_AVAILABILITY = YES_AGGRESSIVE;
				CLANG_WARN_UNREACHABLE_CODE = YES;
				CLANG_WARN__DUPLICATE_METHOD_MATCH = YES;
				COPY_PHASE_STRIP = NO;
				DEBUG_INFORMATION_FORMAT = "dwarf-with-dsym";
				ENABLE_NS_ASSERTIONS = NO;
				ENABLE_STRICT_OBJC_MSGSEND = YES;
				GCC_C_LANGUAGE_STANDARD = gnu11;
				GCC_NO_COMMON_BLOCKS = YES;
				GCC_WARN_64_TO_32_BIT_CONVERSION = YES;
				GCC_WARN_ABOUT_RETURN_TYPE = YES_ERROR;
				GCC_WARN_UNDECLARED_SELECTOR = YES;
				GCC_WARN_UNINITIALIZED_AUTOS = YES_AGGRESSIVE;
				GCC_WARN_UNUSED_FUNCTION = YES;
				GCC_WARN_UNUSED_VARIABLE = YES;
				IPHONEOS_DEPLOYMENT_TARGET = 15.2;
				MTL_ENABLE_DEBUG_INFO = NO;
				MTL_FAST_MATH = YES;
				SDKROOT = iphoneos;
				SWIFT_COMPILATION_MODE = wholemodule;
				SWIFT_OPTIMIZATION_LEVEL = "-O";
				VALIDATE_PRODUCT = YES;
			};
			name = Release;
		};
		06B785EC29F99E8D00EFA46F /* Debug */ = {
			isa = XCBuildConfiguration;
			buildSettings = {
				ASSETCATALOG_COMPILER_APPICON_NAME = AppIcon;
				ASSETCATALOG_COMPILER_GLOBAL_ACCENT_COLOR_NAME = AccentColor;
				CODE_SIGN_STYLE = Automatic;
				CURRENT_PROJECT_VERSION = 1;
				DEVELOPMENT_ASSET_PATHS = "\"SportBets/Preview Content\"";
				DEVELOPMENT_TEAM = 9FGVTTM39Q;
				ENABLE_PREVIEWS = YES;
				GENERATE_INFOPLIST_FILE = YES;
				INFOPLIST_KEY_UIApplicationSceneManifest_Generation = YES;
				INFOPLIST_KEY_UIApplicationSupportsIndirectInputEvents = YES;
				INFOPLIST_KEY_UILaunchScreen_Generation = YES;
				INFOPLIST_KEY_UISupportedInterfaceOrientations_iPad = "UIInterfaceOrientationPortrait UIInterfaceOrientationPortraitUpsideDown UIInterfaceOrientationLandscapeLeft UIInterfaceOrientationLandscapeRight";
				INFOPLIST_KEY_UISupportedInterfaceOrientations_iPhone = "UIInterfaceOrientationPortrait UIInterfaceOrientationLandscapeLeft UIInterfaceOrientationLandscapeRight";
				LD_RUNPATH_SEARCH_PATHS = (
					"$(inherited)",
					"@executable_path/Frameworks",
				);
				MARKETING_VERSION = 1.0;
				PRODUCT_BUNDLE_IDENTIFIER = "-234.SportBets";
				PRODUCT_NAME = "$(TARGET_NAME)";
				SWIFT_EMIT_LOC_STRINGS = YES;
				SWIFT_VERSION = 5.0;
				TARGETED_DEVICE_FAMILY = "1,2";
			};
			name = Debug;
		};
		06B785ED29F99E8D00EFA46F /* Release */ = {
			isa = XCBuildConfiguration;
			buildSettings = {
				ASSETCATALOG_COMPILER_APPICON_NAME = AppIcon;
				ASSETCATALOG_COMPILER_GLOBAL_ACCENT_COLOR_NAME = AccentColor;
				CODE_SIGN_STYLE = Automatic;
				CURRENT_PROJECT_VERSION = 1;
				DEVELOPMENT_ASSET_PATHS = "\"SportBets/Preview Content\"";
				DEVELOPMENT_TEAM = 9FGVTTM39Q;
				ENABLE_PREVIEWS = YES;
				GENERATE_INFOPLIST_FILE = YES;
				INFOPLIST_KEY_UIApplicationSceneManifest_Generation = YES;
				INFOPLIST_KEY_UIApplicationSupportsIndirectInputEvents = YES;
				INFOPLIST_KEY_UILaunchScreen_Generation = YES;
				INFOPLIST_KEY_UISupportedInterfaceOrientations_iPad = "UIInterfaceOrientationPortrait UIInterfaceOrientationPortraitUpsideDown UIInterfaceOrientationLandscapeLeft UIInterfaceOrientationLandscapeRight";
				INFOPLIST_KEY_UISupportedInterfaceOrientations_iPhone = "UIInterfaceOrientationPortrait UIInterfaceOrientationLandscapeLeft UIInterfaceOrientationLandscapeRight";
				LD_RUNPATH_SEARCH_PATHS = (
					"$(inherited)",
					"@executable_path/Frameworks",
				);
				MARKETING_VERSION = 1.0;
				PRODUCT_BUNDLE_IDENTIFIER = "-234.SportBets";
				PRODUCT_NAME = "$(TARGET_NAME)";
				SWIFT_EMIT_LOC_STRINGS = YES;
				SWIFT_VERSION = 5.0;
				TARGETED_DEVICE_FAMILY = "1,2";
			};
			name = Release;
		};
		06B785EF29F99E8D00EFA46F /* Debug */ = {
			isa = XCBuildConfiguration;
			buildSettings = {
				ALWAYS_EMBED_SWIFT_STANDARD_LIBRARIES = YES;
				BUNDLE_LOADER = "$(TEST_HOST)";
				CODE_SIGN_STYLE = Automatic;
				CURRENT_PROJECT_VERSION = 1;
				DEVELOPMENT_TEAM = 9FGVTTM39Q;
				GENERATE_INFOPLIST_FILE = YES;
				IPHONEOS_DEPLOYMENT_TARGET = 15.2;
				MARKETING_VERSION = 1.0;
				PRODUCT_BUNDLE_IDENTIFIER = "-234.SportBetsTests";
				PRODUCT_NAME = "$(TARGET_NAME)";
				SWIFT_EMIT_LOC_STRINGS = NO;
				SWIFT_VERSION = 5.0;
				TARGETED_DEVICE_FAMILY = "1,2";
				TEST_HOST = "$(BUILT_PRODUCTS_DIR)/SportBets.app/SportBets";
			};
			name = Debug;
		};
		06B785F029F99E8D00EFA46F /* Release */ = {
			isa = XCBuildConfiguration;
			buildSettings = {
				ALWAYS_EMBED_SWIFT_STANDARD_LIBRARIES = YES;
				BUNDLE_LOADER = "$(TEST_HOST)";
				CODE_SIGN_STYLE = Automatic;
				CURRENT_PROJECT_VERSION = 1;
				DEVELOPMENT_TEAM = 9FGVTTM39Q;
				GENERATE_INFOPLIST_FILE = YES;
				IPHONEOS_DEPLOYMENT_TARGET = 15.2;
				MARKETING_VERSION = 1.0;
				PRODUCT_BUNDLE_IDENTIFIER = "-234.SportBetsTests";
				PRODUCT_NAME = "$(TARGET_NAME)";
				SWIFT_EMIT_LOC_STRINGS = NO;
				SWIFT_VERSION = 5.0;
				TARGETED_DEVICE_FAMILY = "1,2";
				TEST_HOST = "$(BUILT_PRODUCTS_DIR)/SportBets.app/SportBets";
			};
			name = Release;
		};
		06B785F229F99E8D00EFA46F /* Debug */ = {
			isa = XCBuildConfiguration;
			buildSettings = {
				ALWAYS_EMBED_SWIFT_STANDARD_LIBRARIES = YES;
				CODE_SIGN_STYLE = Automatic;
				CURRENT_PROJECT_VERSION = 1;
				DEVELOPMENT_TEAM = 9FGVTTM39Q;
				GENERATE_INFOPLIST_FILE = YES;
				MARKETING_VERSION = 1.0;
				PRODUCT_BUNDLE_IDENTIFIER = "-234.SportBetsUITests";
				PRODUCT_NAME = "$(TARGET_NAME)";
				SWIFT_EMIT_LOC_STRINGS = NO;
				SWIFT_VERSION = 5.0;
				TARGETED_DEVICE_FAMILY = "1,2";
				TEST_TARGET_NAME = SportBets;
			};
			name = Debug;
		};
		06B785F329F99E8D00EFA46F /* Release */ = {
			isa = XCBuildConfiguration;
			buildSettings = {
				ALWAYS_EMBED_SWIFT_STANDARD_LIBRARIES = YES;
				CODE_SIGN_STYLE = Automatic;
				CURRENT_PROJECT_VERSION = 1;
				DEVELOPMENT_TEAM = 9FGVTTM39Q;
				GENERATE_INFOPLIST_FILE = YES;
				MARKETING_VERSION = 1.0;
				PRODUCT_BUNDLE_IDENTIFIER = "-234.SportBetsUITests";
				PRODUCT_NAME = "$(TARGET_NAME)";
				SWIFT_EMIT_LOC_STRINGS = NO;
				SWIFT_VERSION = 5.0;
				TARGETED_DEVICE_FAMILY = "1,2";
				TEST_TARGET_NAME = SportBets;
			};
			name = Release;
		};
/* End XCBuildConfiguration section */

/* Begin XCConfigurationList section */
		06B785C229F99E7B00EFA46F /* Build configuration list for PBXProject "SportBets" */ = {
			isa = XCConfigurationList;
			buildConfigurations = (
				06B785E929F99E8D00EFA46F /* Debug */,
				06B785EA29F99E8D00EFA46F /* Release */,
			);
			defaultConfigurationIsVisible = 0;
			defaultConfigurationName = Release;
		};
		06B785EB29F99E8D00EFA46F /* Build configuration list for PBXNativeTarget "SportBets" */ = {
			isa = XCConfigurationList;
			buildConfigurations = (
				06B785EC29F99E8D00EFA46F /* Debug */,
				06B785ED29F99E8D00EFA46F /* Release */,
			);
			defaultConfigurationIsVisible = 0;
			defaultConfigurationName = Release;
		};
		06B785EE29F99E8D00EFA46F /* Build configuration list for PBXNativeTarget "SportBetsTests" */ = {
			isa = XCConfigurationList;
			buildConfigurations = (
				06B785EF29F99E8D00EFA46F /* Debug */,
				06B785F029F99E8D00EFA46F /* Release */,
			);
			defaultConfigurationIsVisible = 0;
			defaultConfigurationName = Release;
		};
		06B785F129F99E8D00EFA46F /* Build configuration list for PBXNativeTarget "SportBetsUITests" */ = {
			isa = XCConfigurationList;
			buildConfigurations = (
				06B785F229F99E8D00EFA46F /* Debug */,
				06B785F329F99E8D00EFA46F /* Release */,
			);
			defaultConfigurationIsVisible = 0;
			defaultConfigurationName = Release;
		};
/* End XCConfigurationList section */
	};
	rootObject = 06B785BF29F99E7B00EFA46F /* Project object */;
}
